{
    "_meta": {
        "hash": {
            "sha256": "6ab80fe7bc3cce50786a5dfa7fc8fe46917118726d7b295fe6a85000d8a11496"
        },
        "pipfile-spec": 6,
        "requires": {},
        "sources": [
            {
                "name": "pypi",
                "url": "https://pypi.python.org/simple",
                "verify_ssl": true
            }
        ]
    },
    "default": {
        "adafruit-io": {
            "hashes": [
                "sha256:b5b65b4eb1fb858a50ad28056d8b849bec15ec9d38d9e88d9b1cf2720d592950"
            ],
            "index": "pypi",
            "version": "==2.0.11"
        },
        "broadlink": {
            "hashes": [
                "sha256:3a87705a1f7b4ebab017587752cc2bd015a917d573c39eb181014a9f0a6ab681"
            ],
            "index": "pypi",
            "version": "==0.9"
        },
        "certifi": {
            "hashes": [
                "sha256:35824b4c3a97115964b408844d64aa14db1cc518f6562e8d7261699d1350a9e3",
                "sha256:4ad3232f5e926d6718ec31cfc1fcadfde020920e278684144551c91769c7bc18"
            ],
            "index": "pypi",
            "version": "==2022.12.7"
        },
        "charset-normalizer": {
            "hashes": [
                "sha256:5a3d016c7c547f69d6f81fb0db9449ce888b418b5b9952cc5e6e66843e9dd845",
                "sha256:83e9a75d1911279afd89352c68b45348559d1fc0506b054b346651b5e7fee29f"
            ],
            "markers": "python_version >= '3.6'",
            "version": "==2.1.1"
        },
        "idna": {
            "hashes": [
                "sha256:814f528e8dead7d329833b91c5faa87d60bf71824cd12a7530b5526063d02cb4",
                "sha256:90b77e79eaa3eba6de819a0c442c0b4ceefc341a7a2ab77d7562bf49f425c5c2"
            ],
            "markers": "python_version >= '3.5'",
            "version": "==3.4"
        },
        "paho-mqtt": {
            "hashes": [
                "sha256:2a8291c81623aec00372b5a85558a372c747cbca8e9934dfe218638b8eefc26f"
            ],
            "version": "==1.6.1"
        },
        "pycrc": {
            "hashes": [
                "sha256:3d76a296f8027d2c251b941f0c8f9d97d6f92396af696881b4c38be90ddbfc52",
                "sha256:8f2885f3543040f808473a125bf8ef1413b75d98c2dfa7b394e6ca52f31ce2e7"
            ],
            "markers": "python_version >= '3.0'",
            "version": "==0.10.0"
        },
        "pycryptodome": {
            "hashes": [
                "sha256:0ebbcdbd21b5d8569c5b44137e2071d28c14a7460afdd8b1f6398a1548c4773a",
                "sha256:11ca73effcc15596b62d601a6b3c48ea607fb5219546d406312520d63c446bf5",
                "sha256:1d3065b741ec8d269327e4487eacd187e0bf909e7a73d0a959da1a0918b16fa9",
                "sha256:21fd74571b3579cbf36792916ad76a4ecf91581a112bb78ec48e20389dcdb912",
                "sha256:29d3a581cfcc68ca66f7c5d4830944556ddca9e2747e214bde8028972bb1901f",
                "sha256:29e8d3770bc0a0366093eb693ca40c5be56ed5a7ca214af5156a0b2e23053549",
                "sha256:2aeded7095564b8a068402531c7407517cd714a0fe9872f76c69bd4400b07613",
                "sha256:444053c24b336daa7f84bf872df7a6b9950697559926aea5775f5aa757b67a3e",
                "sha256:44ad06faf5ee589c1127a18610695a65815ed5db724b58687294ee907ec546ba",
                "sha256:4fd2584719895ff041cf48766014ef6b5a170f5caf0e2dc735837b182e78d081",
                "sha256:5ce44a755be8aef369d1057a38bff01501db0b89ba38c3292578f42ed401f355",
                "sha256:5d390f8c6562173b913f0359cd87d5bc2e3245cc88ec4edf59d8c52107f24d29",
                "sha256:64a0cccf590546e7de602378f21482cb06cd1a1995cdfb121b123394c48b05c3",
                "sha256:7bda0f395fd8ef6b1fa7cded00d5cca72005ff158fc30703e1337fe32fbf2102",
                "sha256:89a0a233ed3a216ae117323d8fb0da38f1ca344dc1021559e38416cce23592a0",
                "sha256:bdd8581dae617b9fbe6e8dbdd96590c02fc33eebc411b0273fd62b4d468d0bb7",
                "sha256:c5dd29e9f1b733e74311bf95d0e544e91bd1d14bc0366e8f443562d8d9920b7d",
                "sha256:c88e9a04d3ed89689bc76ce0a90b018cdd4edb94ab99ce31264f2e15bad9d752",
                "sha256:c8922f187fcac3b2afa6d200ef00cd4e69719799b54b4f2f2741b2e4c96ccd61",
                "sha256:cb81302f3295a14722f6c26c44ab4023d66f8394db4c316ccf5658dbada2ac91",
                "sha256:ce3110812d8823c3182fc7f841031387ee6fda27d8696da8949a99b026048e7e",
                "sha256:d3136fe71a37882ca457bea5917f1db5431f18f1bd91b0f7c4cec57ac4d57016",
                "sha256:d9ae42a88c716a7ca9a53966562968921883211b6390eeab22e5b735dbc49f49"
            ],
            "version": "==3.4.11"
        },
        "requests": {
            "hashes": [
                "sha256:7c5599b102feddaa661c826c56ab4fee28bfd17f5abca1ebbe3e7f19d7c97983",
                "sha256:8fefa2a1a1365bf5520aac41836fbee479da67864514bdb821f31ce07ce65349"
            ],
            "markers": "python_version >= '3.7' and python_version < '4'",
            "version": "==2.28.1"
        },
        "urllib3": {
            "hashes": [
                "sha256:47cc05d99aaa09c9e72ed5809b60e7ba354e64b59c9c173ac3018642d8bb41fc",
                "sha256:c083dd0dce68dbfbe1129d5271cb90f9447dea7d52097c6e0126120c521ddea8"
            ],
            "markers": "python_version >= '2.7' and python_version not in '3.0, 3.1, 3.2, 3.3, 3.4, 3.5'",
            "version": "==1.26.13"
        }
    },
    "develop": {}
}
