{
    "_meta": {
        "hash": {
            "sha256": "6ab80fe7bc3cce50786a5dfa7fc8fe46917118726d7b295fe6a85000d8a11496"
        },
        "pipfile-spec": 6,
        "requires": {},
        "sources": [
            {
                "name": "pypi",
                "url": "https://pypi.python.org/simple",
                "verify_ssl": true
            }
        ]
    },
    "default": {
        "adafruit-io": {
            "hashes": [
                "sha256:b5b65b4eb1fb858a50ad28056d8b849bec15ec9d38d9e88d9b1cf2720d592950"
            ],
            "index": "pypi",
            "version": "==2.0.11"
        },
        "broadlink": {
            "hashes": [
                "sha256:3a87705a1f7b4ebab017587752cc2bd015a917d573c39eb181014a9f0a6ab681"
            ],
            "index": "pypi",
            "version": "==0.9"
        },
        "certifi": {
            "hashes": [
                "sha256:2bbf76fd432960138b3ef6dda3dde0544f27cbf8546c458e60baf371917ba9ee",
                "sha256:50b1e4f8446b06f41be7dd6338db18e0990601dce795c2b1686458aa7e8fa7d8"
            ],
            "version": "==2021.5.30"
        },
        "chardet": {
            "hashes": [
                "sha256:0d6f53a15db4120f2b08c94f11e7d93d2c911ee118b6b30a04ec3ee8310179fa",
                "sha256:f864054d66fd9118f2e67044ac8981a54775ec5b67aed0441892edb553d21da5"
            ],
            "version": "==4.0.0"
        },
        "idna": {
            "hashes": [
                "sha256:b307872f855b18632ce0c21c5e45be78c0ea7ae4c15c828c20788b26921eb3f6",
                "sha256:b97d804b1e9b523befed77c48dacec60e6dcb0b5391d57af6a65a312a90648c0"
            ],
            "version": "==2.10"
        },
        "paho-mqtt": {
            "hashes": [
                "sha256:9feb068e822be7b3a116324e01fb6028eb1d66412bf98595ae72698965cb1cae"
            ],
            "version": "==1.5.1"
        },
        "pycrc": {
            "hashes": [
                "sha256:8fe72c218b48084653b69b41157c52b6459107ef75ee11c3357c552bdda219aa",
                "sha256:b09fa8ce07d2032cf27e171a0e103f57959cdc00c7a010f0515a177a4ed5bfc4"
            ],
            "version": "==0.9.2"
        },
        "pycryptodome": {
            "hashes": [
                "sha256:0ebbcdbd21b5d8569c5b44137e2071d28c14a7460afdd8b1f6398a1548c4773a",
                "sha256:11ca73effcc15596b62d601a6b3c48ea607fb5219546d406312520d63c446bf5",
                "sha256:1d3065b741ec8d269327e4487eacd187e0bf909e7a73d0a959da1a0918b16fa9",
                "sha256:21fd74571b3579cbf36792916ad76a4ecf91581a112bb78ec48e20389dcdb912",
                "sha256:29d3a581cfcc68ca66f7c5d4830944556ddca9e2747e214bde8028972bb1901f",
                "sha256:29e8d3770bc0a0366093eb693ca40c5be56ed5a7ca214af5156a0b2e23053549",
                "sha256:2aeded7095564b8a068402531c7407517cd714a0fe9872f76c69bd4400b07613",
                "sha256:444053c24b336daa7f84bf872df7a6b9950697559926aea5775f5aa757b67a3e",
                "sha256:44ad06faf5ee589c1127a18610695a65815ed5db724b58687294ee907ec546ba",
                "sha256:4fd2584719895ff041cf48766014ef6b5a170f5caf0e2dc735837b182e78d081",
                "sha256:5ce44a755be8aef369d1057a38bff01501db0b89ba38c3292578f42ed401f355",
                "sha256:5d390f8c6562173b913f0359cd87d5bc2e3245cc88ec4edf59d8c52107f24d29",
                "sha256:64a0cccf590546e7de602378f21482cb06cd1a1995cdfb121b123394c48b05c3",
                "sha256:7bda0f395fd8ef6b1fa7cded00d5cca72005ff158fc30703e1337fe32fbf2102",
                "sha256:89a0a233ed3a216ae117323d8fb0da38f1ca344dc1021559e38416cce23592a0",
                "sha256:bdd8581dae617b9fbe6e8dbdd96590c02fc33eebc411b0273fd62b4d468d0bb7",
                "sha256:c5dd29e9f1b733e74311bf95d0e544e91bd1d14bc0366e8f443562d8d9920b7d",
                "sha256:c88e9a04d3ed89689bc76ce0a90b018cdd4edb94ab99ce31264f2e15bad9d752",
                "sha256:c8922f187fcac3b2afa6d200ef00cd4e69719799b54b4f2f2741b2e4c96ccd61",
                "sha256:cb81302f3295a14722f6c26c44ab4023d66f8394db4c316ccf5658dbada2ac91",
                "sha256:ce3110812d8823c3182fc7f841031387ee6fda27d8696da8949a99b026048e7e",
                "sha256:d3136fe71a37882ca457bea5917f1db5431f18f1bd91b0f7c4cec57ac4d57016",
                "sha256:d9ae42a88c716a7ca9a53966562968921883211b6390eeab22e5b735dbc49f49"
            ],
            "version": "==3.4.11"
        },
        "requests": {
            "hashes": [
                "sha256:27973dd4a904a4f13b263a19c866c13b92a39ed1c964655f025f3f8d3d75b804",
                "sha256:c210084e36a42ae6b9219e00e48287def368a26d03a048ddad7bfee44f75871e"
            ],
            "version": "==2.25.1"
        },
        "urllib3": {
            "hashes": [
                "sha256:753a0374df26658f99d826cfe40394a686d05985786d946fbe4165b5148f5a7c",
                "sha256:a7acd0977125325f516bda9735fa7142b909a8d01e8b2e4c8108d0984e6e0098"
            ],
            "index": "pypi",
            "version": "==1.26.5"
        }
    },
    "develop": {}
}
